
Microsoft Visual Studio Solution File, Format Version 12.00
# Visual Studio 2013
VisualStudioVersion = 12.0.40629.0
MinimumVisualStudioVersion = 10.0.40219.1
Project("{FAE04EC0-301F-11D3-BF4B-00C04F79EFBC}") = "Facility Reservation Kiosk", "Facility Reservation Kiosk\Facility Reservation Kiosk.csproj", "{1EE3CEAC-F3A3-49F2-8E05-F85F14B2B789}"
EndProject
Project("{FAE04EC0-301F-11D3-BF4B-00C04F79EFBC}") = "ReadFacilityService", "ReadFacilityService\ReadFacilityService.csproj", "{54B7F56A-8E7B-45D5-B4EA-6D8F31A76FFD}"
EndProject
Project("{FAE04EC0-301F-11D3-BF4B-00C04F79EFBC}") = "Camera Integration", "Camera Integration\Camera Integration.csproj", "{B3E9BA03-D866-4EAF-9F13-32A6DB8964E1}"
EndProject
Project("{FAE04EC0-301F-11D3-BF4B-00C04F79EFBC}") = "RetrieveCameraData", "RetrieveCameraData\RetrieveCameraData.csproj", "{D0D04C1E-3A1B-4452-9246-2D830A08BC63}"
EndProject
Project("{FAE04EC0-301F-11D3-BF4B-00C04F79EFBC}") = "ReservationListWebService", "ReservationListWebService\ReservationListWebService.csproj", "{F06FD604-E9B0-4E9D-9740-C6DEC62F4782}"
EndProject
Project("{FAE04EC0-301F-11D3-BF4B-00C04F79EFBC}") = "IPadKioskWebService", "IPadKioskWebService\IPadKioskWebService.csproj", "{A222E0C2-B850-4DDD-9A4C-BF558A1FD7BC}"
EndProject
Project("{FAE04EC0-301F-11D3-BF4B-00C04F79EFBC}") = "ConsoleApplication1", "ConsoleApplication1\ConsoleApplication1.csproj", "{702EE1C2-DE69-4102-B684-9F498ACB96BF}"
EndProject
Project("{FAE04EC0-301F-11D3-BF4B-00C04F79EFBC}") = "AutoCancelReservation", "AutoCancelReservation\AutoCancelReservation.csproj", "{6C5DC6E0-915B-4F3C-A4AC-84B872387761}"
EndProject
Project("{FAE04EC0-301F-11D3-BF4B-00C04F79EFBC}") = "RetrieveCameraImage", "RetrieveCameraImage\RetrieveCameraImage.csproj", "{F4A344BB-4287-40BD-A58A-AE3090566084}"
EndProject
Project("{FAE04EC0-301F-11D3-BF4B-00C04F79EFBC}") = "CameraWebService", "CameraWebService\CameraWebService.csproj", "{B65CC76E-07C1-4F91-8B6F-41E06B38F4CA}"
EndProject
Global
	GlobalSection(SolutionConfigurationPlatforms) = preSolution
		Debug|Any CPU = Debug|Any CPU
		Release|Any CPU = Release|Any CPU
	EndGlobalSection
	GlobalSection(ProjectConfigurationPlatforms) = postSolution
		{1EE3CEAC-F3A3-49F2-8E05-F85F14B2B789}.Debug|Any CPU.ActiveCfg = Debug|Any CPU
		{1EE3CEAC-F3A3-49F2-8E05-F85F14B2B789}.Debug|Any CPU.Build.0 = Debug|Any CPU
		{1EE3CEAC-F3A3-49F2-8E05-F85F14B2B789}.Release|Any CPU.ActiveCfg = Release|Any CPU
		{1EE3CEAC-F3A3-49F2-8E05-F85F14B2B789}.Release|Any CPU.Build.0 = Release|Any CPU
		{54B7F56A-8E7B-45D5-B4EA-6D8F31A76FFD}.Debug|Any CPU.ActiveCfg = Debug|Any CPU
		{54B7F56A-8E7B-45D5-B4EA-6D8F31A76FFD}.Debug|Any CPU.Build.0 = Debug|Any CPU
		{54B7F56A-8E7B-45D5-B4EA-6D8F31A76FFD}.Release|Any CPU.ActiveCfg = Release|Any CPU
		{54B7F56A-8E7B-45D5-B4EA-6D8F31A76FFD}.Release|Any CPU.Build.0 = Release|Any CPU
		{B3E9BA03-D866-4EAF-9F13-32A6DB8964E1}.Debug|Any CPU.ActiveCfg = Debug|Any CPU
		{B3E9BA03-D866-4EAF-9F13-32A6DB8964E1}.Debug|Any CPU.Build.0 = Debug|Any CPU
		{B3E9BA03-D866-4EAF-9F13-32A6DB8964E1}.Release|Any CPU.ActiveCfg = Release|Any CPU
		{B3E9BA03-D866-4EAF-9F13-32A6DB8964E1}.Release|Any CPU.Build.0 = Release|Any CPU
		{D0D04C1E-3A1B-4452-9246-2D830A08BC63}.Debug|Any CPU.ActiveCfg = Debug|Any CPU
		{D0D04C1E-3A1B-4452-9246-2D830A08BC63}.Debug|Any CPU.Build.0 = Debug|Any CPU
		{D0D04C1E-3A1B-4452-9246-2D830A08BC63}.Release|Any CPU.ActiveCfg = Release|Any CPU
		{D0D04C1E-3A1B-4452-9246-2D830A08BC63}.Release|Any CPU.Build.0 = Release|Any CPU
		{F06FD604-E9B0-4E9D-9740-C6DEC62F4782}.Debug|Any CPU.ActiveCfg = Debug|Any CPU
		{F06FD604-E9B0-4E9D-9740-C6DEC62F4782}.Debug|Any CPU.Build.0 = Debug|Any CPU
		{F06FD604-E9B0-4E9D-9740-C6DEC62F4782}.Release|Any CPU.ActiveCfg = Release|Any CPU
		{F06FD604-E9B0-4E9D-9740-C6DEC62F4782}.Release|Any CPU.Build.0 = Release|Any CPU
		{A222E0C2-B850-4DDD-9A4C-BF558A1FD7BC}.Debug|Any CPU.ActiveCfg = Debug|Any CPU
		{A222E0C2-B850-4DDD-9A4C-BF558A1FD7BC}.Debug|Any CPU.Build.0 = Debug|Any CPU
		{A222E0C2-B850-4DDD-9A4C-BF558A1FD7BC}.Release|Any CPU.ActiveCfg = Release|Any CPU
		{A222E0C2-B850-4DDD-9A4C-BF558A1FD7BC}.Release|Any CPU.Build.0 = Release|Any CPU
		{702EE1C2-DE69-4102-B684-9F498ACB96BF}.Debug|Any CPU.ActiveCfg = Debug|Any CPU
		{702EE1C2-DE69-4102-B684-9F498ACB96BF}.Debug|Any CPU.Build.0 = Debug|Any CPU
		{702EE1C2-DE69-4102-B684-9F498ACB96BF}.Release|Any CPU.ActiveCfg = Release|Any CPU
		{702EE1C2-DE69-4102-B684-9F498ACB96BF}.Release|Any CPU.Build.0 = Release|Any CPU
		{6C5DC6E0-915B-4F3C-A4AC-84B872387761}.Debug|Any CPU.ActiveCfg = Debug|Any CPU
		{6C5DC6E0-915B-4F3C-A4AC-84B872387761}.Debug|Any CPU.Build.0 = Debug|Any CPU
		{6C5DC6E0-915B-4F3C-A4AC-84B872387761}.Release|Any CPU.ActiveCfg = Release|Any CPU
		{6C5DC6E0-915B-4F3C-A4AC-84B872387761}.Release|Any CPU.Build.0 = Release|Any CPU
		{F4A344BB-4287-40BD-A58A-AE3090566084}.Debug|Any CPU.ActiveCfg = Debug|Any CPU
		{F4A344BB-4287-40BD-A58A-AE3090566084}.Debug|Any CPU.Build.0 = Debug|Any CPU
		{F4A344BB-4287-40BD-A58A-AE3090566084}.Release|Any CPU.ActiveCfg = Release|Any CPU
		{F4A344BB-4287-40BD-A58A-AE3090566084}.Release|Any CPU.Build.0 = Release|Any CPU
		{B65CC76E-07C1-4F91-8B6F-41E06B38F4CA}.Debug|Any CPU.ActiveCfg = Debug|Any CPU
		{B65CC76E-07C1-4F91-8B6F-41E06B38F4CA}.Debug|Any CPU.Build.0 = Debug|Any CPU
		{B65CC76E-07C1-4F91-8B6F-41E06B38F4CA}.Release|Any CPU.ActiveCfg = Release|Any CPU
		{B65CC76E-07C1-4F91-8B6F-41E06B38F4CA}.Release|Any CPU.Build.0 = Release|Any CPU
	EndGlobalSection
	GlobalSection(SolutionProperties) = preSolution
		HideSolutionNode = FALSE
	EndGlobalSection
EndGlobal
