
Microsoft Visual Studio Solution File, Format Version 12.00
# Visual Studio 2013
VisualStudioVersion = 12.0.40629.0
MinimumVisualStudioVersion = 10.0.40219.1
Project("{FAE04EC0-301F-11D3-BF4B-00C04F79EFBC}") = "Facility Reservation Kiosk", "Facility Reservation Kiosk\Facility Reservation Kiosk.csproj", "{1EE3CEAC-F3A3-49F2-8E05-F85F14B2B789}"
EndProject
Project("{FAE04EC0-301F-11D3-BF4B-00C04F79EFBC}") = "ReadFacilityService", "ReadFacilityService\ReadFacilityService.csproj", "{54B7F56A-8E7B-45D5-B4EA-6D8F31A76FFD}"
EndProject
Project("{FAE04EC0-301F-11D3-BF4B-00C04F79EFBC}") = "Camera Integration", "Camera Integration\Camera Integration.csproj", "{B3E9BA03-D866-4EAF-9F13-32A6DB8964E1}"
EndProject
Project("{FAE04EC0-301F-11D3-BF4B-00C04F79EFBC}") = "RetrieveCameraData", "RetrieveCameraData\RetrieveCameraData.csproj", "{D0D04C1E-3A1B-4452-9246-2D830A08BC63}"
EndProject
Global
	GlobalSection(SolutionConfigurationPlatforms) = preSolution
		Debug|Any CPU = Debug|Any CPU
		Release|Any CPU = Release|Any CPU
	EndGlobalSection
	GlobalSection(ProjectConfigurationPlatforms) = postSolution
		{1EE3CEAC-F3A3-49F2-8E05-F85F14B2B789}.Debug|Any CPU.ActiveCfg = Debug|Any CPU
		{1EE3CEAC-F3A3-49F2-8E05-F85F14B2B789}.Debug|Any CPU.Build.0 = Debug|Any CPU
		{1EE3CEAC-F3A3-49F2-8E05-F85F14B2B789}.Release|Any CPU.ActiveCfg = Release|Any CPU
		{1EE3CEAC-F3A3-49F2-8E05-F85F14B2B789}.Release|Any CPU.Build.0 = Release|Any CPU
		{54B7F56A-8E7B-45D5-B4EA-6D8F31A76FFD}.Debug|Any CPU.ActiveCfg = Debug|Any CPU
		{54B7F56A-8E7B-45D5-B4EA-6D8F31A76FFD}.Debug|Any CPU.Build.0 = Debug|Any CPU
		{54B7F56A-8E7B-45D5-B4EA-6D8F31A76FFD}.Release|Any CPU.ActiveCfg = Release|Any CPU
		{54B7F56A-8E7B-45D5-B4EA-6D8F31A76FFD}.Release|Any CPU.Build.0 = Release|Any CPU
		{B3E9BA03-D866-4EAF-9F13-32A6DB8964E1}.Debug|Any CPU.ActiveCfg = Debug|Any CPU
		{B3E9BA03-D866-4EAF-9F13-32A6DB8964E1}.Debug|Any CPU.Build.0 = Debug|Any CPU
		{B3E9BA03-D866-4EAF-9F13-32A6DB8964E1}.Release|Any CPU.ActiveCfg = Release|Any CPU
		{B3E9BA03-D866-4EAF-9F13-32A6DB8964E1}.Release|Any CPU.Build.0 = Release|Any CPU
		{D0D04C1E-3A1B-4452-9246-2D830A08BC63}.Debug|Any CPU.ActiveCfg = Debug|Any CPU
		{D0D04C1E-3A1B-4452-9246-2D830A08BC63}.Debug|Any CPU.Build.0 = Debug|Any CPU
		{D0D04C1E-3A1B-4452-9246-2D830A08BC63}.Release|Any CPU.ActiveCfg = Release|Any CPU
		{D0D04C1E-3A1B-4452-9246-2D830A08BC63}.Release|Any CPU.Build.0 = Release|Any CPU
	EndGlobalSection
	GlobalSection(SolutionProperties) = preSolution
		HideSolutionNode = FALSE
	EndGlobalSection
EndGlobal
